
Microsoft Visual Studio Solution File, Format Version 12.00
# Visual Studio Version 16
VisualStudioVersion = 16.0.30907.101
MinimumVisualStudioVersion = 10.0.40219.1
Project("{FAE04EC0-301F-11D3-BF4B-00C04F79EFBC}") = "MapsuiTest2.UWP", "MapsuiTest2\MapsuiTest2.UWP\MapsuiTest2.UWP.csproj", "{527EBE9D-4A32-4BE4-9206-7FAF7E9E66C6}"
EndProject
Project("{FAE04EC0-301F-11D3-BF4B-00C04F79EFBC}") = "MapsuiTest2.Android", "MapsuiTest2\MapsuiTest2.Android\MapsuiTest2.Android.csproj", "{A0769946-935A-42EC-BE8F-CF18D1052427}"
EndProject
Project("{FAE04EC0-301F-11D3-BF4B-00C04F79EFBC}") = "MapsuiTest2.iOS", "MapsuiTest2\MapsuiTest2.iOS\MapsuiTest2.iOS.csproj", "{A7AB24CB-75CA-42F7-9250-AA5604439AF7}"
EndProject
Project("{FAE04EC0-301F-11D3-BF4B-00C04F79EFBC}") = "MapsuiTest2", "MapsuiTest2\MapsuiTest2\MapsuiTest2.csproj", "{55C81E2A-E6BE-460D-B754-506979528384}"
EndProject
Global
	GlobalSection(SolutionConfigurationPlatforms) = preSolution
		Debug|Any CPU = Debug|Any CPU
		Debug|ARM = Debug|ARM
		Debug|iPhone = Debug|iPhone
		Debug|iPhoneSimulator = Debug|iPhoneSimulator
		Debug|x64 = Debug|x64
		Debug|x86 = Debug|x86
		Release|Any CPU = Release|Any CPU
		Release|ARM = Release|ARM
		Release|iPhone = Release|iPhone
		Release|iPhoneSimulator = Release|iPhoneSimulator
		Release|x64 = Release|x64
		Release|x86 = Release|x86
	EndGlobalSection
	GlobalSection(ProjectConfigurationPlatforms) = postSolution
		{527EBE9D-4A32-4BE4-9206-7FAF7E9E66C6}.Debug|Any CPU.ActiveCfg = Debug|x86
		{527EBE9D-4A32-4BE4-9206-7FAF7E9E66C6}.Debug|Any CPU.Build.0 = Debug|x86
		{527EBE9D-4A32-4BE4-9206-7FAF7E9E66C6}.Debug|Any CPU.Deploy.0 = Debug|x86
		{527EBE9D-4A32-4BE4-9206-7FAF7E9E66C6}.Debug|ARM.ActiveCfg = Debug|ARM
		{527EBE9D-4A32-4BE4-9206-7FAF7E9E66C6}.Debug|ARM.Build.0 = Debug|ARM
		{527EBE9D-4A32-4BE4-9206-7FAF7E9E66C6}.Debug|ARM.Deploy.0 = Debug|ARM
		{527EBE9D-4A32-4BE4-9206-7FAF7E9E66C6}.Debug|iPhone.ActiveCfg = Debug|x86
		{527EBE9D-4A32-4BE4-9206-7FAF7E9E66C6}.Debug|iPhone.Build.0 = Debug|x86
		{527EBE9D-4A32-4BE4-9206-7FAF7E9E66C6}.Debug|iPhone.Deploy.0 = Debug|x86
		{527EBE9D-4A32-4BE4-9206-7FAF7E9E66C6}.Debug|iPhoneSimulator.ActiveCfg = Debug|x86
		{527EBE9D-4A32-4BE4-9206-7FAF7E9E66C6}.Debug|iPhoneSimulator.Build.0 = Debug|x86
		{527EBE9D-4A32-4BE4-9206-7FAF7E9E66C6}.Debug|iPhoneSimulator.Deploy.0 = Debug|x86
		{527EBE9D-4A32-4BE4-9206-7FAF7E9E66C6}.Debug|x64.ActiveCfg = Debug|x64
		{527EBE9D-4A32-4BE4-9206-7FAF7E9E66C6}.Debug|x64.Build.0 = Debug|x64
		{527EBE9D-4A32-4BE4-9206-7FAF7E9E66C6}.Debug|x64.Deploy.0 = Debug|x64
		{527EBE9D-4A32-4BE4-9206-7FAF7E9E66C6}.Debug|x86.ActiveCfg = Debug|x86
		{527EBE9D-4A32-4BE4-9206-7FAF7E9E66C6}.Debug|x86.Build.0 = Debug|x86
		{527EBE9D-4A32-4BE4-9206-7FAF7E9E66C6}.Debug|x86.Deploy.0 = Debug|x86
		{527EBE9D-4A32-4BE4-9206-7FAF7E9E66C6}.Release|Any CPU.ActiveCfg = Release|x86
		{527EBE9D-4A32-4BE4-9206-7FAF7E9E66C6}.Release|Any CPU.Build.0 = Release|x86
		{527EBE9D-4A32-4BE4-9206-7FAF7E9E66C6}.Release|Any CPU.Deploy.0 = Release|x86
		{527EBE9D-4A32-4BE4-9206-7FAF7E9E66C6}.Release|ARM.ActiveCfg = Release|ARM
		{527EBE9D-4A32-4BE4-9206-7FAF7E9E66C6}.Release|ARM.Build.0 = Release|ARM
		{527EBE9D-4A32-4BE4-9206-7FAF7E9E66C6}.Release|ARM.Deploy.0 = Release|ARM
		{527EBE9D-4A32-4BE4-9206-7FAF7E9E66C6}.Release|iPhone.ActiveCfg = Release|x86
		{527EBE9D-4A32-4BE4-9206-7FAF7E9E66C6}.Release|iPhone.Build.0 = Release|x86
		{527EBE9D-4A32-4BE4-9206-7FAF7E9E66C6}.Release|iPhone.Deploy.0 = Release|x86
		{527EBE9D-4A32-4BE4-9206-7FAF7E9E66C6}.Release|iPhoneSimulator.ActiveCfg = Release|x86
		{527EBE9D-4A32-4BE4-9206-7FAF7E9E66C6}.Release|iPhoneSimulator.Build.0 = Release|x86
		{527EBE9D-4A32-4BE4-9206-7FAF7E9E66C6}.Release|iPhoneSimulator.Deploy.0 = Release|x86
		{527EBE9D-4A32-4BE4-9206-7FAF7E9E66C6}.Release|x64.ActiveCfg = Release|x64
		{527EBE9D-4A32-4BE4-9206-7FAF7E9E66C6}.Release|x64.Build.0 = Release|x64
		{527EBE9D-4A32-4BE4-9206-7FAF7E9E66C6}.Release|x64.Deploy.0 = Release|x64
		{527EBE9D-4A32-4BE4-9206-7FAF7E9E66C6}.Release|x86.ActiveCfg = Release|x86
		{527EBE9D-4A32-4BE4-9206-7FAF7E9E66C6}.Release|x86.Build.0 = Release|x86
		{527EBE9D-4A32-4BE4-9206-7FAF7E9E66C6}.Release|x86.Deploy.0 = Release|x86
		{A0769946-935A-42EC-BE8F-CF18D1052427}.Debug|Any CPU.ActiveCfg = Debug|Any CPU
		{A0769946-935A-42EC-BE8F-CF18D1052427}.Debug|Any CPU.Build.0 = Debug|Any CPU
		{A0769946-935A-42EC-BE8F-CF18D1052427}.Debug|Any CPU.Deploy.0 = Debug|Any CPU
		{A0769946-935A-42EC-BE8F-CF18D1052427}.Debug|ARM.ActiveCfg = Debug|Any CPU
		{A0769946-935A-42EC-BE8F-CF18D1052427}.Debug|ARM.Build.0 = Debug|Any CPU
		{A0769946-935A-42EC-BE8F-CF18D1052427}.Debug|ARM.Deploy.0 = Debug|Any CPU
		{A0769946-935A-42EC-BE8F-CF18D1052427}.Debug|iPhone.ActiveCfg = Debug|Any CPU
		{A0769946-935A-42EC-BE8F-CF18D1052427}.Debug|iPhone.Build.0 = Debug|Any CPU
		{A0769946-935A-42EC-BE8F-CF18D1052427}.Debug|iPhone.Deploy.0 = Debug|Any CPU
		{A0769946-935A-42EC-BE8F-CF18D1052427}.Debug|iPhoneSimulator.ActiveCfg = Debug|Any CPU
		{A0769946-935A-42EC-BE8F-CF18D1052427}.Debug|iPhoneSimulator.Build.0 = Debug|Any CPU
		{A0769946-935A-42EC-BE8F-CF18D1052427}.Debug|iPhoneSimulator.Deploy.0 = Debug|Any CPU
		{A0769946-935A-42EC-BE8F-CF18D1052427}.Debug|x64.ActiveCfg = Debug|Any CPU
		{A0769946-935A-42EC-BE8F-CF18D1052427}.Debug|x64.Build.0 = Debug|Any CPU
		{A0769946-935A-42EC-BE8F-CF18D1052427}.Debug|x64.Deploy.0 = Debug|Any CPU
		{A0769946-935A-42EC-BE8F-CF18D1052427}.Debug|x86.ActiveCfg = Debug|Any CPU
		{A0769946-935A-42EC-BE8F-CF18D1052427}.Debug|x86.Build.0 = Debug|Any CPU
		{A0769946-935A-42EC-BE8F-CF18D1052427}.Debug|x86.Deploy.0 = Debug|Any CPU
		{A0769946-935A-42EC-BE8F-CF18D1052427}.Release|Any CPU.ActiveCfg = Release|Any CPU
		{A0769946-935A-42EC-BE8F-CF18D1052427}.Release|Any CPU.Build.0 = Release|Any CPU
		{A0769946-935A-42EC-BE8F-CF18D1052427}.Release|Any CPU.Deploy.0 = Release|Any CPU
		{A0769946-935A-42EC-BE8F-CF18D1052427}.Release|ARM.ActiveCfg = Release|Any CPU
		{A0769946-935A-42EC-BE8F-CF18D1052427}.Release|ARM.Build.0 = Release|Any CPU
		{A0769946-935A-42EC-BE8F-CF18D1052427}.Release|ARM.Deploy.0 = Release|Any CPU
		{A0769946-935A-42EC-BE8F-CF18D1052427}.Release|iPhone.ActiveCfg = Release|Any CPU
		{A0769946-935A-42EC-BE8F-CF18D1052427}.Release|iPhone.Build.0 = Release|Any CPU
		{A0769946-935A-42EC-BE8F-CF18D1052427}.Release|iPhone.Deploy.0 = Release|Any CPU
		{A0769946-935A-42EC-BE8F-CF18D1052427}.Release|iPhoneSimulator.ActiveCfg = Release|Any CPU
		{A0769946-935A-42EC-BE8F-CF18D1052427}.Release|iPhoneSimulator.Build.0 = Release|Any CPU
		{A0769946-935A-42EC-BE8F-CF18D1052427}.Release|iPhoneSimulator.Deploy.0 = Release|Any CPU
		{A0769946-935A-42EC-BE8F-CF18D1052427}.Release|x64.ActiveCfg = Release|Any CPU
		{A0769946-935A-42EC-BE8F-CF18D1052427}.Release|x64.Build.0 = Release|Any CPU
		{A0769946-935A-42EC-BE8F-CF18D1052427}.Release|x64.Deploy.0 = Release|Any CPU
		{A0769946-935A-42EC-BE8F-CF18D1052427}.Release|x86.ActiveCfg = Release|Any CPU
		{A0769946-935A-42EC-BE8F-CF18D1052427}.Release|x86.Build.0 = Release|Any CPU
		{A0769946-935A-42EC-BE8F-CF18D1052427}.Release|x86.Deploy.0 = Release|Any CPU
		{A7AB24CB-75CA-42F7-9250-AA5604439AF7}.Debug|Any CPU.ActiveCfg = Debug|iPhoneSimulator
		{A7AB24CB-75CA-42F7-9250-AA5604439AF7}.Debug|Any CPU.Build.0 = Debug|iPhoneSimulator
		{A7AB24CB-75CA-42F7-9250-AA5604439AF7}.Debug|Any CPU.Deploy.0 = Debug|iPhoneSimulator
		{A7AB24CB-75CA-42F7-9250-AA5604439AF7}.Debug|ARM.ActiveCfg = Debug|iPhone
		{A7AB24CB-75CA-42F7-9250-AA5604439AF7}.Debug|ARM.Build.0 = Debug|iPhone
		{A7AB24CB-75CA-42F7-9250-AA5604439AF7}.Debug|ARM.Deploy.0 = Debug|iPhone
		{A7AB24CB-75CA-42F7-9250-AA5604439AF7}.Debug|iPhone.ActiveCfg = Debug|iPhone
		{A7AB24CB-75CA-42F7-9250-AA5604439AF7}.Debug|iPhone.Build.0 = Debug|iPhone
		{A7AB24CB-75CA-42F7-9250-AA5604439AF7}.Debug|iPhone.Deploy.0 = Debug|iPhone
		{A7AB24CB-75CA-42F7-9250-AA5604439AF7}.Debug|iPhoneSimulator.ActiveCfg = Debug|iPhoneSimulator
		{A7AB24CB-75CA-42F7-9250-AA5604439AF7}.Debug|iPhoneSimulator.Build.0 = Debug|iPhoneSimulator
		{A7AB24CB-75CA-42F7-9250-AA5604439AF7}.Debug|iPhoneSimulator.Deploy.0 = Debug|iPhoneSimulator
		{A7AB24CB-75CA-42F7-9250-AA5604439AF7}.Debug|x64.ActiveCfg = Debug|iPhoneSimulator
		{A7AB24CB-75CA-42F7-9250-AA5604439AF7}.Debug|x64.Build.0 = Debug|iPhoneSimulator
		{A7AB24CB-75CA-42F7-9250-AA5604439AF7}.Debug|x64.Deploy.0 = Debug|iPhoneSimulator
		{A7AB24CB-75CA-42F7-9250-AA5604439AF7}.Debug|x86.ActiveCfg = Debug|iPhoneSimulator
		{A7AB24CB-75CA-42F7-9250-AA5604439AF7}.Debug|x86.Build.0 = Debug|iPhoneSimulator
		{A7AB24CB-75CA-42F7-9250-AA5604439AF7}.Debug|x86.Deploy.0 = Debug|iPhoneSimulator
		{A7AB24CB-75CA-42F7-9250-AA5604439AF7}.Release|Any CPU.ActiveCfg = Release|iPhoneSimulator
		{A7AB24CB-75CA-42F7-9250-AA5604439AF7}.Release|Any CPU.Build.0 = Release|iPhoneSimulator
		{A7AB24CB-75CA-42F7-9250-AA5604439AF7}.Release|Any CPU.Deploy.0 = Release|iPhoneSimulator
		{A7AB24CB-75CA-42F7-9250-AA5604439AF7}.Release|ARM.ActiveCfg = Release|iPhoneSimulator
		{A7AB24CB-75CA-42F7-9250-AA5604439AF7}.Release|ARM.Build.0 = Release|iPhoneSimulator
		{A7AB24CB-75CA-42F7-9250-AA5604439AF7}.Release|ARM.Deploy.0 = Release|iPhoneSimulator
		{A7AB24CB-75CA-42F7-9250-AA5604439AF7}.Release|iPhone.ActiveCfg = Release|iPhone
		{A7AB24CB-75CA-42F7-9250-AA5604439AF7}.Release|iPhone.Build.0 = Release|iPhone
		{A7AB24CB-75CA-42F7-9250-AA5604439AF7}.Release|iPhone.Deploy.0 = Release|iPhone
		{A7AB24CB-75CA-42F7-9250-AA5604439AF7}.Release|iPhoneSimulator.ActiveCfg = Release|iPhoneSimulator
		{A7AB24CB-75CA-42F7-9250-AA5604439AF7}.Release|iPhoneSimulator.Build.0 = Release|iPhoneSimulator
		{A7AB24CB-75CA-42F7-9250-AA5604439AF7}.Release|iPhoneSimulator.Deploy.0 = Release|iPhoneSimulator
		{A7AB24CB-75CA-42F7-9250-AA5604439AF7}.Release|x64.ActiveCfg = Release|iPhoneSimulator
		{A7AB24CB-75CA-42F7-9250-AA5604439AF7}.Release|x64.Build.0 = Release|iPhoneSimulator
		{A7AB24CB-75CA-42F7-9250-AA5604439AF7}.Release|x64.Deploy.0 = Release|iPhoneSimulator
		{A7AB24CB-75CA-42F7-9250-AA5604439AF7}.Release|x86.ActiveCfg = Release|iPhoneSimulator
		{A7AB24CB-75CA-42F7-9250-AA5604439AF7}.Release|x86.Build.0 = Release|iPhoneSimulator
		{A7AB24CB-75CA-42F7-9250-AA5604439AF7}.Release|x86.Deploy.0 = Release|iPhoneSimulator
		{55C81E2A-E6BE-460D-B754-506979528384}.Debug|Any CPU.ActiveCfg = Debug|Any CPU
		{55C81E2A-E6BE-460D-B754-506979528384}.Debug|Any CPU.Build.0 = Debug|Any CPU
		{55C81E2A-E6BE-460D-B754-506979528384}.Debug|Any CPU.Deploy.0 = Debug|Any CPU
		{55C81E2A-E6BE-460D-B754-506979528384}.Debug|ARM.ActiveCfg = Debug|Any CPU
		{55C81E2A-E6BE-460D-B754-506979528384}.Debug|ARM.Build.0 = Debug|Any CPU
		{55C81E2A-E6BE-460D-B754-506979528384}.Debug|ARM.Deploy.0 = Debug|Any CPU
		{55C81E2A-E6BE-460D-B754-506979528384}.Debug|iPhone.ActiveCfg = Debug|Any CPU
		{55C81E2A-E6BE-460D-B754-506979528384}.Debug|iPhone.Build.0 = Debug|Any CPU
		{55C81E2A-E6BE-460D-B754-506979528384}.Debug|iPhone.Deploy.0 = Debug|Any CPU
		{55C81E2A-E6BE-460D-B754-506979528384}.Debug|iPhoneSimulator.ActiveCfg = Debug|Any CPU
		{55C81E2A-E6BE-460D-B754-506979528384}.Debug|iPhoneSimulator.Build.0 = Debug|Any CPU
		{55C81E2A-E6BE-460D-B754-506979528384}.Debug|iPhoneSimulator.Deploy.0 = Debug|Any CPU
		{55C81E2A-E6BE-460D-B754-506979528384}.Debug|x64.ActiveCfg = Debug|Any CPU
		{55C81E2A-E6BE-460D-B754-506979528384}.Debug|x64.Build.0 = Debug|Any CPU
		{55C81E2A-E6BE-460D-B754-506979528384}.Debug|x64.Deploy.0 = Debug|Any CPU
		{55C81E2A-E6BE-460D-B754-506979528384}.Debug|x86.ActiveCfg = Debug|Any CPU
		{55C81E2A-E6BE-460D-B754-506979528384}.Debug|x86.Build.0 = Debug|Any CPU
		{55C81E2A-E6BE-460D-B754-506979528384}.Debug|x86.Deploy.0 = Debug|Any CPU
		{55C81E2A-E6BE-460D-B754-506979528384}.Release|Any CPU.ActiveCfg = Release|Any CPU
		{55C81E2A-E6BE-460D-B754-506979528384}.Release|Any CPU.Build.0 = Release|Any CPU
		{55C81E2A-E6BE-460D-B754-506979528384}.Release|Any CPU.Deploy.0 = Release|Any CPU
		{55C81E2A-E6BE-460D-B754-506979528384}.Release|ARM.ActiveCfg = Release|Any CPU
		{55C81E2A-E6BE-460D-B754-506979528384}.Release|ARM.Build.0 = Release|Any CPU
		{55C81E2A-E6BE-460D-B754-506979528384}.Release|ARM.Deploy.0 = Release|Any CPU
		{55C81E2A-E6BE-460D-B754-506979528384}.Release|iPhone.ActiveCfg = Release|Any CPU
		{55C81E2A-E6BE-460D-B754-506979528384}.Release|iPhone.Build.0 = Release|Any CPU
		{55C81E2A-E6BE-460D-B754-506979528384}.Release|iPhone.Deploy.0 = Release|Any CPU
		{55C81E2A-E6BE-460D-B754-506979528384}.Release|iPhoneSimulator.ActiveCfg = Release|Any CPU
		{55C81E2A-E6BE-460D-B754-506979528384}.Release|iPhoneSimulator.Build.0 = Release|Any CPU
		{55C81E2A-E6BE-460D-B754-506979528384}.Release|iPhoneSimulator.Deploy.0 = Release|Any CPU
		{55C81E2A-E6BE-460D-B754-506979528384}.Release|x64.ActiveCfg = Release|Any CPU
		{55C81E2A-E6BE-460D-B754-506979528384}.Release|x64.Build.0 = Release|Any CPU
		{55C81E2A-E6BE-460D-B754-506979528384}.Release|x64.Deploy.0 = Release|Any CPU
		{55C81E2A-E6BE-460D-B754-506979528384}.Release|x86.ActiveCfg = Release|Any CPU
		{55C81E2A-E6BE-460D-B754-506979528384}.Release|x86.Build.0 = Release|Any CPU
		{55C81E2A-E6BE-460D-B754-506979528384}.Release|x86.Deploy.0 = Release|Any CPU
	EndGlobalSection
	GlobalSection(SolutionProperties) = preSolution
		HideSolutionNode = FALSE
	EndGlobalSection
	GlobalSection(ExtensibilityGlobals) = postSolution
		SolutionGuid = {33BC153C-4EEE-4EEF-9B5A-7DCD2C555C4D}
	EndGlobalSection
EndGlobal
